
Microsoft Visual Studio Solution File, Format Version 12.00
# Visual Studio Version 16
VisualStudioVersion = 16.0.30114.105
MinimumVisualStudioVersion = 10.0.40219.1
Project("{9A19103F-16F7-4668-BE54-9A1E7A4F7556}") = "pandemic", "pandemic\pandemic.csproj", "{7CF79EF2-E42E-40D2-9B77-B4035A23052D}"
EndProject
Project("{9A19103F-16F7-4668-BE54-9A1E7A4F7556}") = "pandemic.test", "pandemic.test\pandemic.test.csproj", "{3D71427E-A626-4E40-9142-B9A06C6D0B39}"
EndProject
Project("{2150E333-8FDC-42A3-9474-1A3956D46DE8}") = "Solution Items", "Solution Items", "{0FDA6FA2-4AB9-420D-8BA9-BC1110F3E7BD}"
	ProjectSection(SolutionItems) = preProject
		.editorconfig = .editorconfig
	EndProjectSection
EndProject
Project("{9A19103F-16F7-4668-BE54-9A1E7A4F7556}") = "pandemic.console", "pandemic.console\pandemic.console.csproj", "{D51FB82F-91E7-4402-A308-FF19CCB809B0}"
EndProject
Project("{9A19103F-16F7-4668-BE54-9A1E7A4F7556}") = "pandemic.agents", "pandemic.agents\pandemic.agents.csproj", "{24C69B37-EBF5-4E88-AFAD-50496B24CD46}"
EndProject
Project("{FAE04EC0-301F-11D3-BF4B-00C04F79EFBC}") = "pandemic.agents.test", "pandemic.agents.test\pandemic.agents.test.csproj", "{F4A58D9A-070B-4324-8CA0-586A0B115FBD}"
EndProject
Project("{FAE04EC0-301F-11D3-BF4B-00C04F79EFBC}") = "pandemic.drawing", "pandemic.drawing\pandemic.drawing.csproj", "{1594055F-37DC-4D2D-9E28-A5DF94D43BF2}"
EndProject
Project("{FAE04EC0-301F-11D3-BF4B-00C04F79EFBC}") = "pandemic.drawing.test", "pandemic.drawing.test\pandemic.drawing.test.csproj", "{5C9038EC-D164-4177-8AE9-4DCD0975B726}"
EndProject
Project("{FAE04EC0-301F-11D3-BF4B-00C04F79EFBC}") = "utils", "utils\utils.csproj", "{A0FD7ACF-C4E1-4708-BFC5-390124A43897}"
EndProject
Project("{FAE04EC0-301F-11D3-BF4B-00C04F79EFBC}") = "utils.test", "utils.test\utils.test.csproj", "{8B39D1A0-B272-413C-BFA8-EF167A422D52}"
EndProject
Project("{FAE04EC0-301F-11D3-BF4B-00C04F79EFBC}") = "pandemic.test.fuzz", "pandemic.test.fuzz\pandemic.test.fuzz.csproj", "{64B691C1-C888-4CEA-8310-62B13630473B}"
EndProject
Global
	GlobalSection(SolutionConfigurationPlatforms) = preSolution
		Debug|Any CPU = Debug|Any CPU
		Debug|x64 = Debug|x64
		Debug|x86 = Debug|x86
		Release|Any CPU = Release|Any CPU
		Release|x64 = Release|x64
		Release|x86 = Release|x86
	EndGlobalSection
	GlobalSection(ProjectConfigurationPlatforms) = postSolution
		{7CF79EF2-E42E-40D2-9B77-B4035A23052D}.Debug|Any CPU.ActiveCfg = Debug|Any CPU
		{7CF79EF2-E42E-40D2-9B77-B4035A23052D}.Debug|Any CPU.Build.0 = Debug|Any CPU
		{7CF79EF2-E42E-40D2-9B77-B4035A23052D}.Debug|x64.ActiveCfg = Debug|Any CPU
		{7CF79EF2-E42E-40D2-9B77-B4035A23052D}.Debug|x64.Build.0 = Debug|Any CPU
		{7CF79EF2-E42E-40D2-9B77-B4035A23052D}.Debug|x86.ActiveCfg = Debug|Any CPU
		{7CF79EF2-E42E-40D2-9B77-B4035A23052D}.Debug|x86.Build.0 = Debug|Any CPU
		{7CF79EF2-E42E-40D2-9B77-B4035A23052D}.Release|Any CPU.ActiveCfg = Release|Any CPU
		{7CF79EF2-E42E-40D2-9B77-B4035A23052D}.Release|Any CPU.Build.0 = Release|Any CPU
		{7CF79EF2-E42E-40D2-9B77-B4035A23052D}.Release|x64.ActiveCfg = Release|Any CPU
		{7CF79EF2-E42E-40D2-9B77-B4035A23052D}.Release|x64.Build.0 = Release|Any CPU
		{7CF79EF2-E42E-40D2-9B77-B4035A23052D}.Release|x86.ActiveCfg = Release|Any CPU
		{7CF79EF2-E42E-40D2-9B77-B4035A23052D}.Release|x86.Build.0 = Release|Any CPU
		{3D71427E-A626-4E40-9142-B9A06C6D0B39}.Debug|Any CPU.ActiveCfg = Debug|Any CPU
		{3D71427E-A626-4E40-9142-B9A06C6D0B39}.Debug|Any CPU.Build.0 = Debug|Any CPU
		{3D71427E-A626-4E40-9142-B9A06C6D0B39}.Debug|x64.ActiveCfg = Debug|Any CPU
		{3D71427E-A626-4E40-9142-B9A06C6D0B39}.Debug|x64.Build.0 = Debug|Any CPU
		{3D71427E-A626-4E40-9142-B9A06C6D0B39}.Debug|x86.ActiveCfg = Debug|Any CPU
		{3D71427E-A626-4E40-9142-B9A06C6D0B39}.Debug|x86.Build.0 = Debug|Any CPU
		{3D71427E-A626-4E40-9142-B9A06C6D0B39}.Release|Any CPU.ActiveCfg = Release|Any CPU
		{3D71427E-A626-4E40-9142-B9A06C6D0B39}.Release|Any CPU.Build.0 = Release|Any CPU
		{3D71427E-A626-4E40-9142-B9A06C6D0B39}.Release|x64.ActiveCfg = Release|Any CPU
		{3D71427E-A626-4E40-9142-B9A06C6D0B39}.Release|x64.Build.0 = Release|Any CPU
		{3D71427E-A626-4E40-9142-B9A06C6D0B39}.Release|x86.ActiveCfg = Release|Any CPU
		{3D71427E-A626-4E40-9142-B9A06C6D0B39}.Release|x86.Build.0 = Release|Any CPU
		{D51FB82F-91E7-4402-A308-FF19CCB809B0}.Debug|Any CPU.ActiveCfg = Debug|Any CPU
		{D51FB82F-91E7-4402-A308-FF19CCB809B0}.Debug|Any CPU.Build.0 = Debug|Any CPU
		{D51FB82F-91E7-4402-A308-FF19CCB809B0}.Debug|x64.ActiveCfg = Debug|Any CPU
		{D51FB82F-91E7-4402-A308-FF19CCB809B0}.Debug|x64.Build.0 = Debug|Any CPU
		{D51FB82F-91E7-4402-A308-FF19CCB809B0}.Debug|x86.ActiveCfg = Debug|Any CPU
		{D51FB82F-91E7-4402-A308-FF19CCB809B0}.Debug|x86.Build.0 = Debug|Any CPU
		{D51FB82F-91E7-4402-A308-FF19CCB809B0}.Release|Any CPU.ActiveCfg = Release|Any CPU
		{D51FB82F-91E7-4402-A308-FF19CCB809B0}.Release|Any CPU.Build.0 = Release|Any CPU
		{D51FB82F-91E7-4402-A308-FF19CCB809B0}.Release|x64.ActiveCfg = Release|Any CPU
		{D51FB82F-91E7-4402-A308-FF19CCB809B0}.Release|x64.Build.0 = Release|Any CPU
		{D51FB82F-91E7-4402-A308-FF19CCB809B0}.Release|x86.ActiveCfg = Release|Any CPU
		{D51FB82F-91E7-4402-A308-FF19CCB809B0}.Release|x86.Build.0 = Release|Any CPU
		{24C69B37-EBF5-4E88-AFAD-50496B24CD46}.Debug|Any CPU.ActiveCfg = Debug|Any CPU
		{24C69B37-EBF5-4E88-AFAD-50496B24CD46}.Debug|Any CPU.Build.0 = Debug|Any CPU
		{24C69B37-EBF5-4E88-AFAD-50496B24CD46}.Debug|x64.ActiveCfg = Debug|Any CPU
		{24C69B37-EBF5-4E88-AFAD-50496B24CD46}.Debug|x64.Build.0 = Debug|Any CPU
		{24C69B37-EBF5-4E88-AFAD-50496B24CD46}.Debug|x86.ActiveCfg = Debug|Any CPU
		{24C69B37-EBF5-4E88-AFAD-50496B24CD46}.Debug|x86.Build.0 = Debug|Any CPU
		{24C69B37-EBF5-4E88-AFAD-50496B24CD46}.Release|Any CPU.ActiveCfg = Release|Any CPU
		{24C69B37-EBF5-4E88-AFAD-50496B24CD46}.Release|Any CPU.Build.0 = Release|Any CPU
		{24C69B37-EBF5-4E88-AFAD-50496B24CD46}.Release|x64.ActiveCfg = Release|Any CPU
		{24C69B37-EBF5-4E88-AFAD-50496B24CD46}.Release|x64.Build.0 = Release|Any CPU
		{24C69B37-EBF5-4E88-AFAD-50496B24CD46}.Release|x86.ActiveCfg = Release|Any CPU
		{24C69B37-EBF5-4E88-AFAD-50496B24CD46}.Release|x86.Build.0 = Release|Any CPU
		{F4A58D9A-070B-4324-8CA0-586A0B115FBD}.Debug|Any CPU.ActiveCfg = Debug|Any CPU
		{F4A58D9A-070B-4324-8CA0-586A0B115FBD}.Debug|Any CPU.Build.0 = Debug|Any CPU
		{F4A58D9A-070B-4324-8CA0-586A0B115FBD}.Debug|x64.ActiveCfg = Debug|Any CPU
		{F4A58D9A-070B-4324-8CA0-586A0B115FBD}.Debug|x64.Build.0 = Debug|Any CPU
		{F4A58D9A-070B-4324-8CA0-586A0B115FBD}.Debug|x86.ActiveCfg = Debug|Any CPU
		{F4A58D9A-070B-4324-8CA0-586A0B115FBD}.Debug|x86.Build.0 = Debug|Any CPU
		{F4A58D9A-070B-4324-8CA0-586A0B115FBD}.Release|Any CPU.ActiveCfg = Release|Any CPU
		{F4A58D9A-070B-4324-8CA0-586A0B115FBD}.Release|Any CPU.Build.0 = Release|Any CPU
		{F4A58D9A-070B-4324-8CA0-586A0B115FBD}.Release|x64.ActiveCfg = Release|Any CPU
		{F4A58D9A-070B-4324-8CA0-586A0B115FBD}.Release|x64.Build.0 = Release|Any CPU
		{F4A58D9A-070B-4324-8CA0-586A0B115FBD}.Release|x86.ActiveCfg = Release|Any CPU
		{F4A58D9A-070B-4324-8CA0-586A0B115FBD}.Release|x86.Build.0 = Release|Any CPU
		{1594055F-37DC-4D2D-9E28-A5DF94D43BF2}.Debug|Any CPU.ActiveCfg = Debug|Any CPU
		{1594055F-37DC-4D2D-9E28-A5DF94D43BF2}.Debug|Any CPU.Build.0 = Debug|Any CPU
		{1594055F-37DC-4D2D-9E28-A5DF94D43BF2}.Debug|x64.ActiveCfg = Debug|Any CPU
		{1594055F-37DC-4D2D-9E28-A5DF94D43BF2}.Debug|x64.Build.0 = Debug|Any CPU
		{1594055F-37DC-4D2D-9E28-A5DF94D43BF2}.Debug|x86.ActiveCfg = Debug|Any CPU
		{1594055F-37DC-4D2D-9E28-A5DF94D43BF2}.Debug|x86.Build.0 = Debug|Any CPU
		{1594055F-37DC-4D2D-9E28-A5DF94D43BF2}.Release|Any CPU.ActiveCfg = Release|Any CPU
		{1594055F-37DC-4D2D-9E28-A5DF94D43BF2}.Release|Any CPU.Build.0 = Release|Any CPU
		{1594055F-37DC-4D2D-9E28-A5DF94D43BF2}.Release|x64.ActiveCfg = Release|Any CPU
		{1594055F-37DC-4D2D-9E28-A5DF94D43BF2}.Release|x64.Build.0 = Release|Any CPU
		{1594055F-37DC-4D2D-9E28-A5DF94D43BF2}.Release|x86.ActiveCfg = Release|Any CPU
		{1594055F-37DC-4D2D-9E28-A5DF94D43BF2}.Release|x86.Build.0 = Release|Any CPU
		{5C9038EC-D164-4177-8AE9-4DCD0975B726}.Debug|Any CPU.ActiveCfg = Debug|Any CPU
		{5C9038EC-D164-4177-8AE9-4DCD0975B726}.Debug|Any CPU.Build.0 = Debug|Any CPU
		{5C9038EC-D164-4177-8AE9-4DCD0975B726}.Debug|x64.ActiveCfg = Debug|Any CPU
		{5C9038EC-D164-4177-8AE9-4DCD0975B726}.Debug|x64.Build.0 = Debug|Any CPU
		{5C9038EC-D164-4177-8AE9-4DCD0975B726}.Debug|x86.ActiveCfg = Debug|Any CPU
		{5C9038EC-D164-4177-8AE9-4DCD0975B726}.Debug|x86.Build.0 = Debug|Any CPU
		{5C9038EC-D164-4177-8AE9-4DCD0975B726}.Release|Any CPU.ActiveCfg = Release|Any CPU
		{5C9038EC-D164-4177-8AE9-4DCD0975B726}.Release|Any CPU.Build.0 = Release|Any CPU
		{5C9038EC-D164-4177-8AE9-4DCD0975B726}.Release|x64.ActiveCfg = Release|Any CPU
		{5C9038EC-D164-4177-8AE9-4DCD0975B726}.Release|x64.Build.0 = Release|Any CPU
		{5C9038EC-D164-4177-8AE9-4DCD0975B726}.Release|x86.ActiveCfg = Release|Any CPU
		{5C9038EC-D164-4177-8AE9-4DCD0975B726}.Release|x86.Build.0 = Release|Any CPU
		{A0FD7ACF-C4E1-4708-BFC5-390124A43897}.Debug|Any CPU.ActiveCfg = Debug|Any CPU
		{A0FD7ACF-C4E1-4708-BFC5-390124A43897}.Debug|Any CPU.Build.0 = Debug|Any CPU
		{A0FD7ACF-C4E1-4708-BFC5-390124A43897}.Debug|x64.ActiveCfg = Debug|Any CPU
		{A0FD7ACF-C4E1-4708-BFC5-390124A43897}.Debug|x64.Build.0 = Debug|Any CPU
		{A0FD7ACF-C4E1-4708-BFC5-390124A43897}.Debug|x86.ActiveCfg = Debug|Any CPU
		{A0FD7ACF-C4E1-4708-BFC5-390124A43897}.Debug|x86.Build.0 = Debug|Any CPU
		{A0FD7ACF-C4E1-4708-BFC5-390124A43897}.Release|Any CPU.ActiveCfg = Release|Any CPU
		{A0FD7ACF-C4E1-4708-BFC5-390124A43897}.Release|Any CPU.Build.0 = Release|Any CPU
		{A0FD7ACF-C4E1-4708-BFC5-390124A43897}.Release|x64.ActiveCfg = Release|Any CPU
		{A0FD7ACF-C4E1-4708-BFC5-390124A43897}.Release|x64.Build.0 = Release|Any CPU
		{A0FD7ACF-C4E1-4708-BFC5-390124A43897}.Release|x86.ActiveCfg = Release|Any CPU
		{A0FD7ACF-C4E1-4708-BFC5-390124A43897}.Release|x86.Build.0 = Release|Any CPU
		{8B39D1A0-B272-413C-BFA8-EF167A422D52}.Debug|Any CPU.ActiveCfg = Debug|Any CPU
		{8B39D1A0-B272-413C-BFA8-EF167A422D52}.Debug|Any CPU.Build.0 = Debug|Any CPU
		{8B39D1A0-B272-413C-BFA8-EF167A422D52}.Debug|x64.ActiveCfg = Debug|Any CPU
		{8B39D1A0-B272-413C-BFA8-EF167A422D52}.Debug|x64.Build.0 = Debug|Any CPU
		{8B39D1A0-B272-413C-BFA8-EF167A422D52}.Debug|x86.ActiveCfg = Debug|Any CPU
		{8B39D1A0-B272-413C-BFA8-EF167A422D52}.Debug|x86.Build.0 = Debug|Any CPU
		{8B39D1A0-B272-413C-BFA8-EF167A422D52}.Release|Any CPU.ActiveCfg = Release|Any CPU
		{8B39D1A0-B272-413C-BFA8-EF167A422D52}.Release|Any CPU.Build.0 = Release|Any CPU
		{8B39D1A0-B272-413C-BFA8-EF167A422D52}.Release|x64.ActiveCfg = Release|Any CPU
		{8B39D1A0-B272-413C-BFA8-EF167A422D52}.Release|x64.Build.0 = Release|Any CPU
		{8B39D1A0-B272-413C-BFA8-EF167A422D52}.Release|x86.ActiveCfg = Release|Any CPU
		{8B39D1A0-B272-413C-BFA8-EF167A422D52}.Release|x86.Build.0 = Release|Any CPU
		{64B691C1-C888-4CEA-8310-62B13630473B}.Debug|Any CPU.ActiveCfg = Debug|Any CPU
		{64B691C1-C888-4CEA-8310-62B13630473B}.Debug|Any CPU.Build.0 = Debug|Any CPU
		{64B691C1-C888-4CEA-8310-62B13630473B}.Debug|x64.ActiveCfg = Debug|Any CPU
		{64B691C1-C888-4CEA-8310-62B13630473B}.Debug|x64.Build.0 = Debug|Any CPU
		{64B691C1-C888-4CEA-8310-62B13630473B}.Debug|x86.ActiveCfg = Debug|Any CPU
		{64B691C1-C888-4CEA-8310-62B13630473B}.Debug|x86.Build.0 = Debug|Any CPU
		{64B691C1-C888-4CEA-8310-62B13630473B}.Release|Any CPU.ActiveCfg = Release|Any CPU
		{64B691C1-C888-4CEA-8310-62B13630473B}.Release|Any CPU.Build.0 = Release|Any CPU
		{64B691C1-C888-4CEA-8310-62B13630473B}.Release|x64.ActiveCfg = Release|Any CPU
		{64B691C1-C888-4CEA-8310-62B13630473B}.Release|x64.Build.0 = Release|Any CPU
		{64B691C1-C888-4CEA-8310-62B13630473B}.Release|x86.ActiveCfg = Release|Any CPU
		{64B691C1-C888-4CEA-8310-62B13630473B}.Release|x86.Build.0 = Release|Any CPU
	EndGlobalSection
	GlobalSection(SolutionProperties) = preSolution
		HideSolutionNode = FALSE
	EndGlobalSection
	GlobalSection(ExtensibilityGlobals) = postSolution
		SolutionGuid = {D4AAEDA4-1D7D-4E9F-B700-15BA3171BAC2}
	EndGlobalSection
EndGlobal
