
Microsoft Visual Studio Solution File, Format Version 12.00
# Visual Studio Version 16
VisualStudioVersion = 16.0.30114.105
MinimumVisualStudioVersion = 10.0.40219.1
Project("{9A19103F-16F7-4668-BE54-9A1E7A4F7556}") = "pandemic", "pandemic\pandemic.csproj", "{7CF79EF2-E42E-40D2-9B77-B4035A23052D}"
EndProject
Project("{9A19103F-16F7-4668-BE54-9A1E7A4F7556}") = "pandemic.test", "pandemic.test\pandemic.test.csproj", "{3D71427E-A626-4E40-9142-B9A06C6D0B39}"
EndProject
Project("{2150E333-8FDC-42A3-9474-1A3956D46DE8}") = "Solution Items", "Solution Items", "{0FDA6FA2-4AB9-420D-8BA9-BC1110F3E7BD}"
	ProjectSection(SolutionItems) = preProject
		.editorconfig = .editorconfig
	EndProjectSection
EndProject
Project("{FAE04EC0-301F-11D3-BF4B-00C04F79EFBC}") = "pandemic.console", "pandemic.console\pandemic.console.csproj", "{D51FB82F-91E7-4402-A308-FF19CCB809B0}"
EndProject
Project("{FAE04EC0-301F-11D3-BF4B-00C04F79EFBC}") = "pandemic.agents", "pandemic.agents\pandemic.agents.csproj", "{24C69B37-EBF5-4E88-AFAD-50496B24CD46}"
EndProject
Project("{FAE04EC0-301F-11D3-BF4B-00C04F79EFBC}") = "pandemic.server", "pandemic.server\pandemic.server.csproj", "{DD5B0EDC-B09B-475E-A364-2B3FCAE39C23}"
EndProject
Project("{FAE04EC0-301F-11D3-BF4B-00C04F79EFBC}") = "pandemic.client", "pandemic.client\pandemic.client.csproj", "{6F66335F-027D-4F07-BF8A-6E3AFEC84567}"
EndProject
Project("{FAE04EC0-301F-11D3-BF4B-00C04F79EFBC}") = "pandemic.server.test", "pandemic.server.test\pandemic.server.test.csproj", "{3DDBF09D-9747-4C83-A6FF-964ED010DEE1}"
EndProject
Global
	GlobalSection(SolutionConfigurationPlatforms) = preSolution
		Debug|Any CPU = Debug|Any CPU
		Debug|x64 = Debug|x64
		Debug|x86 = Debug|x86
		Release|Any CPU = Release|Any CPU
		Release|x64 = Release|x64
		Release|x86 = Release|x86
	EndGlobalSection
	GlobalSection(ProjectConfigurationPlatforms) = postSolution
		{7CF79EF2-E42E-40D2-9B77-B4035A23052D}.Debug|Any CPU.ActiveCfg = Debug|Any CPU
		{7CF79EF2-E42E-40D2-9B77-B4035A23052D}.Debug|Any CPU.Build.0 = Debug|Any CPU
		{7CF79EF2-E42E-40D2-9B77-B4035A23052D}.Debug|x64.ActiveCfg = Debug|Any CPU
		{7CF79EF2-E42E-40D2-9B77-B4035A23052D}.Debug|x64.Build.0 = Debug|Any CPU
		{7CF79EF2-E42E-40D2-9B77-B4035A23052D}.Debug|x86.ActiveCfg = Debug|Any CPU
		{7CF79EF2-E42E-40D2-9B77-B4035A23052D}.Debug|x86.Build.0 = Debug|Any CPU
		{7CF79EF2-E42E-40D2-9B77-B4035A23052D}.Release|Any CPU.ActiveCfg = Release|Any CPU
		{7CF79EF2-E42E-40D2-9B77-B4035A23052D}.Release|Any CPU.Build.0 = Release|Any CPU
		{7CF79EF2-E42E-40D2-9B77-B4035A23052D}.Release|x64.ActiveCfg = Release|Any CPU
		{7CF79EF2-E42E-40D2-9B77-B4035A23052D}.Release|x64.Build.0 = Release|Any CPU
		{7CF79EF2-E42E-40D2-9B77-B4035A23052D}.Release|x86.ActiveCfg = Release|Any CPU
		{7CF79EF2-E42E-40D2-9B77-B4035A23052D}.Release|x86.Build.0 = Release|Any CPU
		{3D71427E-A626-4E40-9142-B9A06C6D0B39}.Debug|Any CPU.ActiveCfg = Debug|Any CPU
		{3D71427E-A626-4E40-9142-B9A06C6D0B39}.Debug|Any CPU.Build.0 = Debug|Any CPU
		{3D71427E-A626-4E40-9142-B9A06C6D0B39}.Debug|x64.ActiveCfg = Debug|Any CPU
		{3D71427E-A626-4E40-9142-B9A06C6D0B39}.Debug|x64.Build.0 = Debug|Any CPU
		{3D71427E-A626-4E40-9142-B9A06C6D0B39}.Debug|x86.ActiveCfg = Debug|Any CPU
		{3D71427E-A626-4E40-9142-B9A06C6D0B39}.Debug|x86.Build.0 = Debug|Any CPU
		{3D71427E-A626-4E40-9142-B9A06C6D0B39}.Release|Any CPU.ActiveCfg = Release|Any CPU
		{3D71427E-A626-4E40-9142-B9A06C6D0B39}.Release|Any CPU.Build.0 = Release|Any CPU
		{3D71427E-A626-4E40-9142-B9A06C6D0B39}.Release|x64.ActiveCfg = Release|Any CPU
		{3D71427E-A626-4E40-9142-B9A06C6D0B39}.Release|x64.Build.0 = Release|Any CPU
		{3D71427E-A626-4E40-9142-B9A06C6D0B39}.Release|x86.ActiveCfg = Release|Any CPU
		{3D71427E-A626-4E40-9142-B9A06C6D0B39}.Release|x86.Build.0 = Release|Any CPU
		{D51FB82F-91E7-4402-A308-FF19CCB809B0}.Debug|Any CPU.ActiveCfg = Debug|Any CPU
		{D51FB82F-91E7-4402-A308-FF19CCB809B0}.Debug|Any CPU.Build.0 = Debug|Any CPU
		{D51FB82F-91E7-4402-A308-FF19CCB809B0}.Debug|x64.ActiveCfg = Debug|Any CPU
		{D51FB82F-91E7-4402-A308-FF19CCB809B0}.Debug|x64.Build.0 = Debug|Any CPU
		{D51FB82F-91E7-4402-A308-FF19CCB809B0}.Debug|x86.ActiveCfg = Debug|Any CPU
		{D51FB82F-91E7-4402-A308-FF19CCB809B0}.Debug|x86.Build.0 = Debug|Any CPU
		{D51FB82F-91E7-4402-A308-FF19CCB809B0}.Release|Any CPU.ActiveCfg = Release|Any CPU
		{D51FB82F-91E7-4402-A308-FF19CCB809B0}.Release|Any CPU.Build.0 = Release|Any CPU
		{D51FB82F-91E7-4402-A308-FF19CCB809B0}.Release|x64.ActiveCfg = Release|Any CPU
		{D51FB82F-91E7-4402-A308-FF19CCB809B0}.Release|x64.Build.0 = Release|Any CPU
		{D51FB82F-91E7-4402-A308-FF19CCB809B0}.Release|x86.ActiveCfg = Release|Any CPU
		{D51FB82F-91E7-4402-A308-FF19CCB809B0}.Release|x86.Build.0 = Release|Any CPU
		{24C69B37-EBF5-4E88-AFAD-50496B24CD46}.Debug|Any CPU.ActiveCfg = Debug|Any CPU
		{24C69B37-EBF5-4E88-AFAD-50496B24CD46}.Debug|Any CPU.Build.0 = Debug|Any CPU
		{24C69B37-EBF5-4E88-AFAD-50496B24CD46}.Debug|x64.ActiveCfg = Debug|Any CPU
		{24C69B37-EBF5-4E88-AFAD-50496B24CD46}.Debug|x64.Build.0 = Debug|Any CPU
		{24C69B37-EBF5-4E88-AFAD-50496B24CD46}.Debug|x86.ActiveCfg = Debug|Any CPU
		{24C69B37-EBF5-4E88-AFAD-50496B24CD46}.Debug|x86.Build.0 = Debug|Any CPU
		{24C69B37-EBF5-4E88-AFAD-50496B24CD46}.Release|Any CPU.ActiveCfg = Release|Any CPU
		{24C69B37-EBF5-4E88-AFAD-50496B24CD46}.Release|Any CPU.Build.0 = Release|Any CPU
		{24C69B37-EBF5-4E88-AFAD-50496B24CD46}.Release|x64.ActiveCfg = Release|Any CPU
		{24C69B37-EBF5-4E88-AFAD-50496B24CD46}.Release|x64.Build.0 = Release|Any CPU
		{24C69B37-EBF5-4E88-AFAD-50496B24CD46}.Release|x86.ActiveCfg = Release|Any CPU
		{24C69B37-EBF5-4E88-AFAD-50496B24CD46}.Release|x86.Build.0 = Release|Any CPU
		{DD5B0EDC-B09B-475E-A364-2B3FCAE39C23}.Debug|Any CPU.ActiveCfg = Debug|Any CPU
		{DD5B0EDC-B09B-475E-A364-2B3FCAE39C23}.Debug|Any CPU.Build.0 = Debug|Any CPU
		{DD5B0EDC-B09B-475E-A364-2B3FCAE39C23}.Debug|x64.ActiveCfg = Debug|Any CPU
		{DD5B0EDC-B09B-475E-A364-2B3FCAE39C23}.Debug|x64.Build.0 = Debug|Any CPU
		{DD5B0EDC-B09B-475E-A364-2B3FCAE39C23}.Debug|x86.ActiveCfg = Debug|Any CPU
		{DD5B0EDC-B09B-475E-A364-2B3FCAE39C23}.Debug|x86.Build.0 = Debug|Any CPU
		{DD5B0EDC-B09B-475E-A364-2B3FCAE39C23}.Release|Any CPU.ActiveCfg = Release|Any CPU
		{DD5B0EDC-B09B-475E-A364-2B3FCAE39C23}.Release|Any CPU.Build.0 = Release|Any CPU
		{DD5B0EDC-B09B-475E-A364-2B3FCAE39C23}.Release|x64.ActiveCfg = Release|Any CPU
		{DD5B0EDC-B09B-475E-A364-2B3FCAE39C23}.Release|x64.Build.0 = Release|Any CPU
		{DD5B0EDC-B09B-475E-A364-2B3FCAE39C23}.Release|x86.ActiveCfg = Release|Any CPU
		{DD5B0EDC-B09B-475E-A364-2B3FCAE39C23}.Release|x86.Build.0 = Release|Any CPU
		{6F66335F-027D-4F07-BF8A-6E3AFEC84567}.Debug|Any CPU.ActiveCfg = Debug|Any CPU
		{6F66335F-027D-4F07-BF8A-6E3AFEC84567}.Debug|Any CPU.Build.0 = Debug|Any CPU
		{6F66335F-027D-4F07-BF8A-6E3AFEC84567}.Debug|x64.ActiveCfg = Debug|Any CPU
		{6F66335F-027D-4F07-BF8A-6E3AFEC84567}.Debug|x64.Build.0 = Debug|Any CPU
		{6F66335F-027D-4F07-BF8A-6E3AFEC84567}.Debug|x86.ActiveCfg = Debug|Any CPU
		{6F66335F-027D-4F07-BF8A-6E3AFEC84567}.Debug|x86.Build.0 = Debug|Any CPU
		{6F66335F-027D-4F07-BF8A-6E3AFEC84567}.Release|Any CPU.ActiveCfg = Release|Any CPU
		{6F66335F-027D-4F07-BF8A-6E3AFEC84567}.Release|Any CPU.Build.0 = Release|Any CPU
		{6F66335F-027D-4F07-BF8A-6E3AFEC84567}.Release|x64.ActiveCfg = Release|Any CPU
		{6F66335F-027D-4F07-BF8A-6E3AFEC84567}.Release|x64.Build.0 = Release|Any CPU
		{6F66335F-027D-4F07-BF8A-6E3AFEC84567}.Release|x86.ActiveCfg = Release|Any CPU
		{6F66335F-027D-4F07-BF8A-6E3AFEC84567}.Release|x86.Build.0 = Release|Any CPU
		{3DDBF09D-9747-4C83-A6FF-964ED010DEE1}.Debug|Any CPU.ActiveCfg = Debug|Any CPU
		{3DDBF09D-9747-4C83-A6FF-964ED010DEE1}.Debug|Any CPU.Build.0 = Debug|Any CPU
		{3DDBF09D-9747-4C83-A6FF-964ED010DEE1}.Debug|x64.ActiveCfg = Debug|Any CPU
		{3DDBF09D-9747-4C83-A6FF-964ED010DEE1}.Debug|x64.Build.0 = Debug|Any CPU
		{3DDBF09D-9747-4C83-A6FF-964ED010DEE1}.Debug|x86.ActiveCfg = Debug|Any CPU
		{3DDBF09D-9747-4C83-A6FF-964ED010DEE1}.Debug|x86.Build.0 = Debug|Any CPU
		{3DDBF09D-9747-4C83-A6FF-964ED010DEE1}.Release|Any CPU.ActiveCfg = Release|Any CPU
		{3DDBF09D-9747-4C83-A6FF-964ED010DEE1}.Release|Any CPU.Build.0 = Release|Any CPU
		{3DDBF09D-9747-4C83-A6FF-964ED010DEE1}.Release|x64.ActiveCfg = Release|Any CPU
		{3DDBF09D-9747-4C83-A6FF-964ED010DEE1}.Release|x64.Build.0 = Release|Any CPU
		{3DDBF09D-9747-4C83-A6FF-964ED010DEE1}.Release|x86.ActiveCfg = Release|Any CPU
		{3DDBF09D-9747-4C83-A6FF-964ED010DEE1}.Release|x86.Build.0 = Release|Any CPU
	EndGlobalSection
	GlobalSection(SolutionProperties) = preSolution
		HideSolutionNode = FALSE
	EndGlobalSection
	GlobalSection(ExtensibilityGlobals) = postSolution
		SolutionGuid = {D4AAEDA4-1D7D-4E9F-B700-15BA3171BAC2}
	EndGlobalSection
EndGlobal
